
Microsoft Visual Studio Solution File, Format Version 12.00
# Visual Studio Version 17
VisualStudioVersion = 17.4.33110.190
MinimumVisualStudioVersion = 10.0.40219.1
Project("{9A19103F-16F7-4668-BE54-9A1E7A4F7556}") = "WebApi", "WebApi\WebApi.csproj", "{61BFECD7-3631-427B-983B-B59AE2752BF1}"
EndProject
Project("{9A19103F-16F7-4668-BE54-9A1E7A4F7556}") = "WebApplicationPdfGeneration", "WebApplicationPdfGeneration\WebApplicationPdfGeneration.csproj", "{4C75ED64-ABE4-40E0-A860-567F073D7FC3}"
EndProject
Project("{9A19103F-16F7-4668-BE54-9A1E7A4F7556}") = "WebApplicationEmbebedResource", "WebApplicationEmbebedResource\WebApplicationEmbebedResource.csproj", "{AA328432-ACDF-41A8-B8EA-CF062CD69D4F}"
EndProject
Project("{9A19103F-16F7-4668-BE54-9A1E7A4F7556}") = "ConsoleAppPdfGenerationQuestPdf", "ConsoleAppPdfGenerationQuestPdf\ConsoleAppPdfGenerationQuestPdf.csproj", "{246C498B-13A7-4329-A6CB-FBEB472BDFD9}"
EndProject
Project("{9A19103F-16F7-4668-BE54-9A1E7A4F7556}") = "WebApplicationWindowsAuth", "WebApplicationWindowsAuth\WebApplicationWindowsAuth.csproj", "{0EF957AB-DF70-4CFD-B31A-5AEA4ED5698E}"
EndProject
Project("{9A19103F-16F7-4668-BE54-9A1E7A4F7556}") = "BillQuestPdf", "BillQuestPdf\BillQuestPdf.csproj", "{09CB25C5-41BA-4B06-B908-09544DE7E2FA}"
EndProject
Project("{FAE04EC0-301F-11D3-BF4B-00C04F79EFBC}") = "ConsoleAppSampleOdbc", "ConsoleAppSampleOdbc\ConsoleAppSampleOdbc.csproj", "{B2992AD8-81CE-4E92-8194-0333C1AF00FD}"
EndProject
Project("{9A19103F-16F7-4668-BE54-9A1E7A4F7556}") = "WebApplicationMetronic53", "WebApplicationMetronic53\WebApplicationMetronic53.csproj", "{55808100-89FC-43C2-A3DD-E29785AF383C}"
EndProject
Project("{9A19103F-16F7-4668-BE54-9A1E7A4F7556}") = "CajaHuancayoQuestPdfReport", "CajaHuancayoQuestPdfReport\CajaHuancayoQuestPdfReport.csproj", "{E47D155C-F726-45BD-8495-22D911E97D35}"
EndProject
Project("{9A19103F-16F7-4668-BE54-9A1E7A4F7556}") = "XmlManagmentConsoleApp", "XmlManagmentConsoleApp\XmlManagmentConsoleApp.csproj", "{EEE9E5E9-5007-4B2A-ACF5-8A695A0774F4}"
EndProject
Project("{9A19103F-16F7-4668-BE54-9A1E7A4F7556}") = "PruebaManejoCalendario", "PruebaManejoCalendario\PruebaManejoCalendario.csproj", "{41F6F064-3289-4126-9779-A3F025BD5DD6}"
EndProject
Project("{9A19103F-16F7-4668-BE54-9A1E7A4F7556}") = "WebApplicationIdentity", "WebApplicationIdentity\WebApplicationIdentity.csproj", "{4F2A3854-FEA0-48E8-BE30-F19695538B35}"
EndProject
Project("{9A19103F-16F7-4668-BE54-9A1E7A4F7556}") = "WindowsAzureStorage", "WindowsAzureStorage\WindowsAzureStorage.csproj", "{8CFB40B1-44B7-4391-B630-A1B3FE9DE0E1}"
EndProject
Project("{9A19103F-16F7-4668-BE54-9A1E7A4F7556}") = "AzureStorage", "AzureStorage\AzureStorage.csproj", "{E933FED8-1E4A-46B9-9EC1-D857D57A6A4C}"
EndProject
Project("{9A19103F-16F7-4668-BE54-9A1E7A4F7556}") = "ConsoleAppExcel", "ConsoleAppExcel\ConsoleAppExcel.csproj", "{D85CCFF0-A5C9-45F2-B695-358F6729497D}"
EndProject
Project("{9A19103F-16F7-4668-BE54-9A1E7A4F7556}") = "ConsoleAppDynamicPropAccess", "ConsoleAppDynamicPropAccess\ConsoleAppDynamicPropAccess.csproj", "{3966F317-F36F-4655-B72C-27098C6E7FD2}"
EndProject
Project("{9A19103F-16F7-4668-BE54-9A1E7A4F7556}") = "QuestPdfTableSample", "QuestPdfTableSample\QuestPdfTableSample.csproj", "{75186097-CBF9-44A9-BE5C-C6157D39D118}"
EndProject
Project("{FAE04EC0-301F-11D3-BF4B-00C04F79EFBC}") = "WebApplication_WebConfig", "WebApplication_WebConfig\WebApplication_WebConfig.csproj", "{9E727F5A-8968-4E78-A3B3-2BEB075906CB}"
EndProject
Project("{FAE04EC0-301F-11D3-BF4B-00C04F79EFBC}") = "ConsoleAppHosting", "ConsoleAppHosting\ConsoleAppHosting.csproj", "{255424AE-ADC5-491F-9266-5C61590C5220}"
EndProject
Project("{FAE04EC0-301F-11D3-BF4B-00C04F79EFBC}") = "WebSocketClient", "WebSocketClient\WebSocketClient.csproj", "{1A6414DB-EBAC-4B90-9D0F-3A84991A6F39}"
EndProject
Project("{FAE04EC0-301F-11D3-BF4B-00C04F79EFBC}") = "WebSocketServer", "WebSocketServer\WebSocketServer.csproj", "{83C5D910-4EB7-450F-8031-ADCFCBD1AD5E}"
EndProject
Project("{FAE04EC0-301F-11D3-BF4B-00C04F79EFBC}") = "ReverseShell", "ReverseShell\ReverseShell.csproj", "{9C69B6E3-7F80-458E-A1FF-89D7871357C5}"
EndProject
Project("{FAE04EC0-301F-11D3-BF4B-00C04F79EFBC}") = "Modular.Lib", "Modular.Lib\Modular.Lib.csproj", "{F659D5E4-DE72-41B9-8673-B1ABE9A990D6}"
EndProject
Project("{FAE04EC0-301F-11D3-BF4B-00C04F79EFBC}") = "Modular.Features", "Modular.Features\Modular.Features.csproj", "{2307C8C5-7087-447F-962C-5C84CF20F032}"
EndProject
Project("{FAE04EC0-301F-11D3-BF4B-00C04F79EFBC}") = "Modular.Main", "Modular.Main\Modular.Main.csproj", "{20DFEE26-303A-4A6E-B4E1-DC0D8731EF70}"
EndProject
Project("{FAE04EC0-301F-11D3-BF4B-00C04F79EFBC}") = "ConsoleAbpSetting", "ConsoleAbpSetting\ConsoleAbpSetting.csproj", "{5781890B-E90B-4D9D-9DDF-33E5B35F9E37}"
EndProject
Project("{FAE04EC0-301F-11D3-BF4B-00C04F79EFBC}") = "WebAppPagination", "WebAppPagination\WebAppPagination.csproj", "{E9E61274-2DAC-43A1-96EF-43AC36313137}"
EndProject
Project("{FAE04EC0-301F-11D3-BF4B-00C04F79EFBC}") = "WebAppMultiTenant", "WebAppMultiTenant\WebAppMultiTenant.csproj", "{20887BAB-D944-4971-B971-CFC7BB32519A}"
EndProject
Project("{FAE04EC0-301F-11D3-BF4B-00C04F79EFBC}") = "ConsoleAppTenantArquitecture", "ConsoleAppTenantArquitecture\ConsoleAppTenantArquitecture.csproj", "{8E17B178-850D-4A71-853F-BD17D7729646}"
EndProject
Global
	GlobalSection(SolutionConfigurationPlatforms) = preSolution
		Debug|Any CPU = Debug|Any CPU
		Debug|x64 = Debug|x64
		Debug|x86 = Debug|x86
		Release|Any CPU = Release|Any CPU
		Release|x64 = Release|x64
		Release|x86 = Release|x86
	EndGlobalSection
	GlobalSection(ProjectConfigurationPlatforms) = postSolution
		{61BFECD7-3631-427B-983B-B59AE2752BF1}.Debug|Any CPU.ActiveCfg = Debug|Any CPU
		{61BFECD7-3631-427B-983B-B59AE2752BF1}.Debug|Any CPU.Build.0 = Debug|Any CPU
		{61BFECD7-3631-427B-983B-B59AE2752BF1}.Debug|x64.ActiveCfg = Debug|Any CPU
		{61BFECD7-3631-427B-983B-B59AE2752BF1}.Debug|x64.Build.0 = Debug|Any CPU
		{61BFECD7-3631-427B-983B-B59AE2752BF1}.Debug|x86.ActiveCfg = Debug|Any CPU
		{61BFECD7-3631-427B-983B-B59AE2752BF1}.Debug|x86.Build.0 = Debug|Any CPU
		{61BFECD7-3631-427B-983B-B59AE2752BF1}.Release|Any CPU.ActiveCfg = Release|Any CPU
		{61BFECD7-3631-427B-983B-B59AE2752BF1}.Release|Any CPU.Build.0 = Release|Any CPU
		{61BFECD7-3631-427B-983B-B59AE2752BF1}.Release|x64.ActiveCfg = Release|Any CPU
		{61BFECD7-3631-427B-983B-B59AE2752BF1}.Release|x64.Build.0 = Release|Any CPU
		{61BFECD7-3631-427B-983B-B59AE2752BF1}.Release|x86.ActiveCfg = Release|Any CPU
		{61BFECD7-3631-427B-983B-B59AE2752BF1}.Release|x86.Build.0 = Release|Any CPU
		{4C75ED64-ABE4-40E0-A860-567F073D7FC3}.Debug|Any CPU.ActiveCfg = Debug|Any CPU
		{4C75ED64-ABE4-40E0-A860-567F073D7FC3}.Debug|Any CPU.Build.0 = Debug|Any CPU
		{4C75ED64-ABE4-40E0-A860-567F073D7FC3}.Debug|x64.ActiveCfg = Debug|Any CPU
		{4C75ED64-ABE4-40E0-A860-567F073D7FC3}.Debug|x64.Build.0 = Debug|Any CPU
		{4C75ED64-ABE4-40E0-A860-567F073D7FC3}.Debug|x86.ActiveCfg = Debug|Any CPU
		{4C75ED64-ABE4-40E0-A860-567F073D7FC3}.Debug|x86.Build.0 = Debug|Any CPU
		{4C75ED64-ABE4-40E0-A860-567F073D7FC3}.Release|Any CPU.ActiveCfg = Release|Any CPU
		{4C75ED64-ABE4-40E0-A860-567F073D7FC3}.Release|Any CPU.Build.0 = Release|Any CPU
		{4C75ED64-ABE4-40E0-A860-567F073D7FC3}.Release|x64.ActiveCfg = Release|Any CPU
		{4C75ED64-ABE4-40E0-A860-567F073D7FC3}.Release|x64.Build.0 = Release|Any CPU
		{4C75ED64-ABE4-40E0-A860-567F073D7FC3}.Release|x86.ActiveCfg = Release|Any CPU
		{4C75ED64-ABE4-40E0-A860-567F073D7FC3}.Release|x86.Build.0 = Release|Any CPU
		{AA328432-ACDF-41A8-B8EA-CF062CD69D4F}.Debug|Any CPU.ActiveCfg = Debug|Any CPU
		{AA328432-ACDF-41A8-B8EA-CF062CD69D4F}.Debug|Any CPU.Build.0 = Debug|Any CPU
		{AA328432-ACDF-41A8-B8EA-CF062CD69D4F}.Debug|x64.ActiveCfg = Debug|Any CPU
		{AA328432-ACDF-41A8-B8EA-CF062CD69D4F}.Debug|x64.Build.0 = Debug|Any CPU
		{AA328432-ACDF-41A8-B8EA-CF062CD69D4F}.Debug|x86.ActiveCfg = Debug|Any CPU
		{AA328432-ACDF-41A8-B8EA-CF062CD69D4F}.Debug|x86.Build.0 = Debug|Any CPU
		{AA328432-ACDF-41A8-B8EA-CF062CD69D4F}.Release|Any CPU.ActiveCfg = Release|Any CPU
		{AA328432-ACDF-41A8-B8EA-CF062CD69D4F}.Release|Any CPU.Build.0 = Release|Any CPU
		{AA328432-ACDF-41A8-B8EA-CF062CD69D4F}.Release|x64.ActiveCfg = Release|Any CPU
		{AA328432-ACDF-41A8-B8EA-CF062CD69D4F}.Release|x64.Build.0 = Release|Any CPU
		{AA328432-ACDF-41A8-B8EA-CF062CD69D4F}.Release|x86.ActiveCfg = Release|Any CPU
		{AA328432-ACDF-41A8-B8EA-CF062CD69D4F}.Release|x86.Build.0 = Release|Any CPU
		{246C498B-13A7-4329-A6CB-FBEB472BDFD9}.Debug|Any CPU.ActiveCfg = Debug|Any CPU
		{246C498B-13A7-4329-A6CB-FBEB472BDFD9}.Debug|Any CPU.Build.0 = Debug|Any CPU
		{246C498B-13A7-4329-A6CB-FBEB472BDFD9}.Debug|x64.ActiveCfg = Debug|Any CPU
		{246C498B-13A7-4329-A6CB-FBEB472BDFD9}.Debug|x64.Build.0 = Debug|Any CPU
		{246C498B-13A7-4329-A6CB-FBEB472BDFD9}.Debug|x86.ActiveCfg = Debug|Any CPU
		{246C498B-13A7-4329-A6CB-FBEB472BDFD9}.Debug|x86.Build.0 = Debug|Any CPU
		{246C498B-13A7-4329-A6CB-FBEB472BDFD9}.Release|Any CPU.ActiveCfg = Release|Any CPU
		{246C498B-13A7-4329-A6CB-FBEB472BDFD9}.Release|Any CPU.Build.0 = Release|Any CPU
		{246C498B-13A7-4329-A6CB-FBEB472BDFD9}.Release|x64.ActiveCfg = Release|Any CPU
		{246C498B-13A7-4329-A6CB-FBEB472BDFD9}.Release|x64.Build.0 = Release|Any CPU
		{246C498B-13A7-4329-A6CB-FBEB472BDFD9}.Release|x86.ActiveCfg = Release|Any CPU
		{246C498B-13A7-4329-A6CB-FBEB472BDFD9}.Release|x86.Build.0 = Release|Any CPU
		{0EF957AB-DF70-4CFD-B31A-5AEA4ED5698E}.Debug|Any CPU.ActiveCfg = Debug|Any CPU
		{0EF957AB-DF70-4CFD-B31A-5AEA4ED5698E}.Debug|Any CPU.Build.0 = Debug|Any CPU
		{0EF957AB-DF70-4CFD-B31A-5AEA4ED5698E}.Debug|x64.ActiveCfg = Debug|Any CPU
		{0EF957AB-DF70-4CFD-B31A-5AEA4ED5698E}.Debug|x64.Build.0 = Debug|Any CPU
		{0EF957AB-DF70-4CFD-B31A-5AEA4ED5698E}.Debug|x86.ActiveCfg = Debug|Any CPU
		{0EF957AB-DF70-4CFD-B31A-5AEA4ED5698E}.Debug|x86.Build.0 = Debug|Any CPU
		{0EF957AB-DF70-4CFD-B31A-5AEA4ED5698E}.Release|Any CPU.ActiveCfg = Release|Any CPU
		{0EF957AB-DF70-4CFD-B31A-5AEA4ED5698E}.Release|Any CPU.Build.0 = Release|Any CPU
		{0EF957AB-DF70-4CFD-B31A-5AEA4ED5698E}.Release|x64.ActiveCfg = Release|Any CPU
		{0EF957AB-DF70-4CFD-B31A-5AEA4ED5698E}.Release|x64.Build.0 = Release|Any CPU
		{0EF957AB-DF70-4CFD-B31A-5AEA4ED5698E}.Release|x86.ActiveCfg = Release|Any CPU
		{0EF957AB-DF70-4CFD-B31A-5AEA4ED5698E}.Release|x86.Build.0 = Release|Any CPU
		{09CB25C5-41BA-4B06-B908-09544DE7E2FA}.Debug|Any CPU.ActiveCfg = Debug|Any CPU
		{09CB25C5-41BA-4B06-B908-09544DE7E2FA}.Debug|Any CPU.Build.0 = Debug|Any CPU
		{09CB25C5-41BA-4B06-B908-09544DE7E2FA}.Debug|x64.ActiveCfg = Debug|Any CPU
		{09CB25C5-41BA-4B06-B908-09544DE7E2FA}.Debug|x64.Build.0 = Debug|Any CPU
		{09CB25C5-41BA-4B06-B908-09544DE7E2FA}.Debug|x86.ActiveCfg = Debug|Any CPU
		{09CB25C5-41BA-4B06-B908-09544DE7E2FA}.Debug|x86.Build.0 = Debug|Any CPU
		{09CB25C5-41BA-4B06-B908-09544DE7E2FA}.Release|Any CPU.ActiveCfg = Release|Any CPU
		{09CB25C5-41BA-4B06-B908-09544DE7E2FA}.Release|Any CPU.Build.0 = Release|Any CPU
		{09CB25C5-41BA-4B06-B908-09544DE7E2FA}.Release|x64.ActiveCfg = Release|Any CPU
		{09CB25C5-41BA-4B06-B908-09544DE7E2FA}.Release|x64.Build.0 = Release|Any CPU
		{09CB25C5-41BA-4B06-B908-09544DE7E2FA}.Release|x86.ActiveCfg = Release|Any CPU
		{09CB25C5-41BA-4B06-B908-09544DE7E2FA}.Release|x86.Build.0 = Release|Any CPU
		{B2992AD8-81CE-4E92-8194-0333C1AF00FD}.Debug|Any CPU.ActiveCfg = Debug|Any CPU
		{B2992AD8-81CE-4E92-8194-0333C1AF00FD}.Debug|Any CPU.Build.0 = Debug|Any CPU
		{B2992AD8-81CE-4E92-8194-0333C1AF00FD}.Debug|x64.ActiveCfg = Debug|Any CPU
		{B2992AD8-81CE-4E92-8194-0333C1AF00FD}.Debug|x64.Build.0 = Debug|Any CPU
		{B2992AD8-81CE-4E92-8194-0333C1AF00FD}.Debug|x86.ActiveCfg = Debug|Any CPU
		{B2992AD8-81CE-4E92-8194-0333C1AF00FD}.Debug|x86.Build.0 = Debug|Any CPU
		{B2992AD8-81CE-4E92-8194-0333C1AF00FD}.Release|Any CPU.ActiveCfg = Release|Any CPU
		{B2992AD8-81CE-4E92-8194-0333C1AF00FD}.Release|Any CPU.Build.0 = Release|Any CPU
		{B2992AD8-81CE-4E92-8194-0333C1AF00FD}.Release|x64.ActiveCfg = Release|Any CPU
		{B2992AD8-81CE-4E92-8194-0333C1AF00FD}.Release|x64.Build.0 = Release|Any CPU
		{B2992AD8-81CE-4E92-8194-0333C1AF00FD}.Release|x86.ActiveCfg = Release|Any CPU
		{B2992AD8-81CE-4E92-8194-0333C1AF00FD}.Release|x86.Build.0 = Release|Any CPU
		{55808100-89FC-43C2-A3DD-E29785AF383C}.Debug|Any CPU.ActiveCfg = Debug|Any CPU
		{55808100-89FC-43C2-A3DD-E29785AF383C}.Debug|Any CPU.Build.0 = Debug|Any CPU
		{55808100-89FC-43C2-A3DD-E29785AF383C}.Debug|x64.ActiveCfg = Debug|Any CPU
		{55808100-89FC-43C2-A3DD-E29785AF383C}.Debug|x64.Build.0 = Debug|Any CPU
		{55808100-89FC-43C2-A3DD-E29785AF383C}.Debug|x86.ActiveCfg = Debug|Any CPU
		{55808100-89FC-43C2-A3DD-E29785AF383C}.Debug|x86.Build.0 = Debug|Any CPU
		{55808100-89FC-43C2-A3DD-E29785AF383C}.Release|Any CPU.ActiveCfg = Release|Any CPU
		{55808100-89FC-43C2-A3DD-E29785AF383C}.Release|Any CPU.Build.0 = Release|Any CPU
		{55808100-89FC-43C2-A3DD-E29785AF383C}.Release|x64.ActiveCfg = Release|Any CPU
		{55808100-89FC-43C2-A3DD-E29785AF383C}.Release|x64.Build.0 = Release|Any CPU
		{55808100-89FC-43C2-A3DD-E29785AF383C}.Release|x86.ActiveCfg = Release|Any CPU
		{55808100-89FC-43C2-A3DD-E29785AF383C}.Release|x86.Build.0 = Release|Any CPU
		{E47D155C-F726-45BD-8495-22D911E97D35}.Debug|Any CPU.ActiveCfg = Debug|Any CPU
		{E47D155C-F726-45BD-8495-22D911E97D35}.Debug|Any CPU.Build.0 = Debug|Any CPU
		{E47D155C-F726-45BD-8495-22D911E97D35}.Debug|x64.ActiveCfg = Debug|Any CPU
		{E47D155C-F726-45BD-8495-22D911E97D35}.Debug|x64.Build.0 = Debug|Any CPU
		{E47D155C-F726-45BD-8495-22D911E97D35}.Debug|x86.ActiveCfg = Debug|Any CPU
		{E47D155C-F726-45BD-8495-22D911E97D35}.Debug|x86.Build.0 = Debug|Any CPU
		{E47D155C-F726-45BD-8495-22D911E97D35}.Release|Any CPU.ActiveCfg = Release|Any CPU
		{E47D155C-F726-45BD-8495-22D911E97D35}.Release|Any CPU.Build.0 = Release|Any CPU
		{E47D155C-F726-45BD-8495-22D911E97D35}.Release|x64.ActiveCfg = Release|Any CPU
		{E47D155C-F726-45BD-8495-22D911E97D35}.Release|x64.Build.0 = Release|Any CPU
		{E47D155C-F726-45BD-8495-22D911E97D35}.Release|x86.ActiveCfg = Release|Any CPU
		{E47D155C-F726-45BD-8495-22D911E97D35}.Release|x86.Build.0 = Release|Any CPU
		{EEE9E5E9-5007-4B2A-ACF5-8A695A0774F4}.Debug|Any CPU.ActiveCfg = Debug|Any CPU
		{EEE9E5E9-5007-4B2A-ACF5-8A695A0774F4}.Debug|Any CPU.Build.0 = Debug|Any CPU
		{EEE9E5E9-5007-4B2A-ACF5-8A695A0774F4}.Debug|x64.ActiveCfg = Debug|Any CPU
		{EEE9E5E9-5007-4B2A-ACF5-8A695A0774F4}.Debug|x64.Build.0 = Debug|Any CPU
		{EEE9E5E9-5007-4B2A-ACF5-8A695A0774F4}.Debug|x86.ActiveCfg = Debug|Any CPU
		{EEE9E5E9-5007-4B2A-ACF5-8A695A0774F4}.Debug|x86.Build.0 = Debug|Any CPU
		{EEE9E5E9-5007-4B2A-ACF5-8A695A0774F4}.Release|Any CPU.ActiveCfg = Release|Any CPU
		{EEE9E5E9-5007-4B2A-ACF5-8A695A0774F4}.Release|Any CPU.Build.0 = Release|Any CPU
		{EEE9E5E9-5007-4B2A-ACF5-8A695A0774F4}.Release|x64.ActiveCfg = Release|Any CPU
		{EEE9E5E9-5007-4B2A-ACF5-8A695A0774F4}.Release|x64.Build.0 = Release|Any CPU
		{EEE9E5E9-5007-4B2A-ACF5-8A695A0774F4}.Release|x86.ActiveCfg = Release|Any CPU
		{EEE9E5E9-5007-4B2A-ACF5-8A695A0774F4}.Release|x86.Build.0 = Release|Any CPU
		{41F6F064-3289-4126-9779-A3F025BD5DD6}.Debug|Any CPU.ActiveCfg = Debug|Any CPU
		{41F6F064-3289-4126-9779-A3F025BD5DD6}.Debug|Any CPU.Build.0 = Debug|Any CPU
		{41F6F064-3289-4126-9779-A3F025BD5DD6}.Debug|x64.ActiveCfg = Debug|Any CPU
		{41F6F064-3289-4126-9779-A3F025BD5DD6}.Debug|x64.Build.0 = Debug|Any CPU
		{41F6F064-3289-4126-9779-A3F025BD5DD6}.Debug|x86.ActiveCfg = Debug|Any CPU
		{41F6F064-3289-4126-9779-A3F025BD5DD6}.Debug|x86.Build.0 = Debug|Any CPU
		{41F6F064-3289-4126-9779-A3F025BD5DD6}.Release|Any CPU.ActiveCfg = Release|Any CPU
		{41F6F064-3289-4126-9779-A3F025BD5DD6}.Release|Any CPU.Build.0 = Release|Any CPU
		{41F6F064-3289-4126-9779-A3F025BD5DD6}.Release|x64.ActiveCfg = Release|Any CPU
		{41F6F064-3289-4126-9779-A3F025BD5DD6}.Release|x64.Build.0 = Release|Any CPU
		{41F6F064-3289-4126-9779-A3F025BD5DD6}.Release|x86.ActiveCfg = Release|Any CPU
		{41F6F064-3289-4126-9779-A3F025BD5DD6}.Release|x86.Build.0 = Release|Any CPU
		{4F2A3854-FEA0-48E8-BE30-F19695538B35}.Debug|Any CPU.ActiveCfg = Debug|Any CPU
		{4F2A3854-FEA0-48E8-BE30-F19695538B35}.Debug|Any CPU.Build.0 = Debug|Any CPU
		{4F2A3854-FEA0-48E8-BE30-F19695538B35}.Debug|x64.ActiveCfg = Debug|Any CPU
		{4F2A3854-FEA0-48E8-BE30-F19695538B35}.Debug|x64.Build.0 = Debug|Any CPU
		{4F2A3854-FEA0-48E8-BE30-F19695538B35}.Debug|x86.ActiveCfg = Debug|Any CPU
		{4F2A3854-FEA0-48E8-BE30-F19695538B35}.Debug|x86.Build.0 = Debug|Any CPU
		{4F2A3854-FEA0-48E8-BE30-F19695538B35}.Release|Any CPU.ActiveCfg = Release|Any CPU
		{4F2A3854-FEA0-48E8-BE30-F19695538B35}.Release|Any CPU.Build.0 = Release|Any CPU
		{4F2A3854-FEA0-48E8-BE30-F19695538B35}.Release|x64.ActiveCfg = Release|Any CPU
		{4F2A3854-FEA0-48E8-BE30-F19695538B35}.Release|x64.Build.0 = Release|Any CPU
		{4F2A3854-FEA0-48E8-BE30-F19695538B35}.Release|x86.ActiveCfg = Release|Any CPU
		{4F2A3854-FEA0-48E8-BE30-F19695538B35}.Release|x86.Build.0 = Release|Any CPU
		{8CFB40B1-44B7-4391-B630-A1B3FE9DE0E1}.Debug|Any CPU.ActiveCfg = Debug|Any CPU
		{8CFB40B1-44B7-4391-B630-A1B3FE9DE0E1}.Debug|Any CPU.Build.0 = Debug|Any CPU
		{8CFB40B1-44B7-4391-B630-A1B3FE9DE0E1}.Debug|x64.ActiveCfg = Debug|Any CPU
		{8CFB40B1-44B7-4391-B630-A1B3FE9DE0E1}.Debug|x64.Build.0 = Debug|Any CPU
		{8CFB40B1-44B7-4391-B630-A1B3FE9DE0E1}.Debug|x86.ActiveCfg = Debug|Any CPU
		{8CFB40B1-44B7-4391-B630-A1B3FE9DE0E1}.Debug|x86.Build.0 = Debug|Any CPU
		{8CFB40B1-44B7-4391-B630-A1B3FE9DE0E1}.Release|Any CPU.ActiveCfg = Release|Any CPU
		{8CFB40B1-44B7-4391-B630-A1B3FE9DE0E1}.Release|Any CPU.Build.0 = Release|Any CPU
		{8CFB40B1-44B7-4391-B630-A1B3FE9DE0E1}.Release|x64.ActiveCfg = Release|Any CPU
		{8CFB40B1-44B7-4391-B630-A1B3FE9DE0E1}.Release|x64.Build.0 = Release|Any CPU
		{8CFB40B1-44B7-4391-B630-A1B3FE9DE0E1}.Release|x86.ActiveCfg = Release|Any CPU
		{8CFB40B1-44B7-4391-B630-A1B3FE9DE0E1}.Release|x86.Build.0 = Release|Any CPU
		{E933FED8-1E4A-46B9-9EC1-D857D57A6A4C}.Debug|Any CPU.ActiveCfg = Debug|Any CPU
		{E933FED8-1E4A-46B9-9EC1-D857D57A6A4C}.Debug|Any CPU.Build.0 = Debug|Any CPU
		{E933FED8-1E4A-46B9-9EC1-D857D57A6A4C}.Debug|x64.ActiveCfg = Debug|Any CPU
		{E933FED8-1E4A-46B9-9EC1-D857D57A6A4C}.Debug|x64.Build.0 = Debug|Any CPU
		{E933FED8-1E4A-46B9-9EC1-D857D57A6A4C}.Debug|x86.ActiveCfg = Debug|Any CPU
		{E933FED8-1E4A-46B9-9EC1-D857D57A6A4C}.Debug|x86.Build.0 = Debug|Any CPU
		{E933FED8-1E4A-46B9-9EC1-D857D57A6A4C}.Release|Any CPU.ActiveCfg = Release|Any CPU
		{E933FED8-1E4A-46B9-9EC1-D857D57A6A4C}.Release|Any CPU.Build.0 = Release|Any CPU
		{E933FED8-1E4A-46B9-9EC1-D857D57A6A4C}.Release|x64.ActiveCfg = Release|Any CPU
		{E933FED8-1E4A-46B9-9EC1-D857D57A6A4C}.Release|x64.Build.0 = Release|Any CPU
		{E933FED8-1E4A-46B9-9EC1-D857D57A6A4C}.Release|x86.ActiveCfg = Release|Any CPU
		{E933FED8-1E4A-46B9-9EC1-D857D57A6A4C}.Release|x86.Build.0 = Release|Any CPU
		{D85CCFF0-A5C9-45F2-B695-358F6729497D}.Debug|Any CPU.ActiveCfg = Debug|Any CPU
		{D85CCFF0-A5C9-45F2-B695-358F6729497D}.Debug|Any CPU.Build.0 = Debug|Any CPU
		{D85CCFF0-A5C9-45F2-B695-358F6729497D}.Debug|x64.ActiveCfg = Debug|Any CPU
		{D85CCFF0-A5C9-45F2-B695-358F6729497D}.Debug|x64.Build.0 = Debug|Any CPU
		{D85CCFF0-A5C9-45F2-B695-358F6729497D}.Debug|x86.ActiveCfg = Debug|Any CPU
		{D85CCFF0-A5C9-45F2-B695-358F6729497D}.Debug|x86.Build.0 = Debug|Any CPU
		{D85CCFF0-A5C9-45F2-B695-358F6729497D}.Release|Any CPU.ActiveCfg = Release|Any CPU
		{D85CCFF0-A5C9-45F2-B695-358F6729497D}.Release|Any CPU.Build.0 = Release|Any CPU
		{D85CCFF0-A5C9-45F2-B695-358F6729497D}.Release|x64.ActiveCfg = Release|Any CPU
		{D85CCFF0-A5C9-45F2-B695-358F6729497D}.Release|x64.Build.0 = Release|Any CPU
		{D85CCFF0-A5C9-45F2-B695-358F6729497D}.Release|x86.ActiveCfg = Release|Any CPU
		{D85CCFF0-A5C9-45F2-B695-358F6729497D}.Release|x86.Build.0 = Release|Any CPU
		{3966F317-F36F-4655-B72C-27098C6E7FD2}.Debug|Any CPU.ActiveCfg = Debug|Any CPU
		{3966F317-F36F-4655-B72C-27098C6E7FD2}.Debug|Any CPU.Build.0 = Debug|Any CPU
		{3966F317-F36F-4655-B72C-27098C6E7FD2}.Debug|x64.ActiveCfg = Debug|Any CPU
		{3966F317-F36F-4655-B72C-27098C6E7FD2}.Debug|x64.Build.0 = Debug|Any CPU
		{3966F317-F36F-4655-B72C-27098C6E7FD2}.Debug|x86.ActiveCfg = Debug|Any CPU
		{3966F317-F36F-4655-B72C-27098C6E7FD2}.Debug|x86.Build.0 = Debug|Any CPU
		{3966F317-F36F-4655-B72C-27098C6E7FD2}.Release|Any CPU.ActiveCfg = Release|Any CPU
		{3966F317-F36F-4655-B72C-27098C6E7FD2}.Release|Any CPU.Build.0 = Release|Any CPU
		{3966F317-F36F-4655-B72C-27098C6E7FD2}.Release|x64.ActiveCfg = Release|Any CPU
		{3966F317-F36F-4655-B72C-27098C6E7FD2}.Release|x64.Build.0 = Release|Any CPU
		{3966F317-F36F-4655-B72C-27098C6E7FD2}.Release|x86.ActiveCfg = Release|Any CPU
		{3966F317-F36F-4655-B72C-27098C6E7FD2}.Release|x86.Build.0 = Release|Any CPU
		{75186097-CBF9-44A9-BE5C-C6157D39D118}.Debug|Any CPU.ActiveCfg = Debug|Any CPU
		{75186097-CBF9-44A9-BE5C-C6157D39D118}.Debug|Any CPU.Build.0 = Debug|Any CPU
		{75186097-CBF9-44A9-BE5C-C6157D39D118}.Debug|x64.ActiveCfg = Debug|Any CPU
		{75186097-CBF9-44A9-BE5C-C6157D39D118}.Debug|x64.Build.0 = Debug|Any CPU
		{75186097-CBF9-44A9-BE5C-C6157D39D118}.Debug|x86.ActiveCfg = Debug|Any CPU
		{75186097-CBF9-44A9-BE5C-C6157D39D118}.Debug|x86.Build.0 = Debug|Any CPU
		{75186097-CBF9-44A9-BE5C-C6157D39D118}.Release|Any CPU.ActiveCfg = Release|Any CPU
		{75186097-CBF9-44A9-BE5C-C6157D39D118}.Release|Any CPU.Build.0 = Release|Any CPU
		{75186097-CBF9-44A9-BE5C-C6157D39D118}.Release|x64.ActiveCfg = Release|Any CPU
		{75186097-CBF9-44A9-BE5C-C6157D39D118}.Release|x64.Build.0 = Release|Any CPU
		{75186097-CBF9-44A9-BE5C-C6157D39D118}.Release|x86.ActiveCfg = Release|Any CPU
		{75186097-CBF9-44A9-BE5C-C6157D39D118}.Release|x86.Build.0 = Release|Any CPU
		{9E727F5A-8968-4E78-A3B3-2BEB075906CB}.Debug|Any CPU.ActiveCfg = Debug|Any CPU
		{9E727F5A-8968-4E78-A3B3-2BEB075906CB}.Debug|Any CPU.Build.0 = Debug|Any CPU
		{9E727F5A-8968-4E78-A3B3-2BEB075906CB}.Debug|x64.ActiveCfg = Debug|Any CPU
		{9E727F5A-8968-4E78-A3B3-2BEB075906CB}.Debug|x64.Build.0 = Debug|Any CPU
		{9E727F5A-8968-4E78-A3B3-2BEB075906CB}.Debug|x86.ActiveCfg = Debug|Any CPU
		{9E727F5A-8968-4E78-A3B3-2BEB075906CB}.Debug|x86.Build.0 = Debug|Any CPU
		{9E727F5A-8968-4E78-A3B3-2BEB075906CB}.Release|Any CPU.ActiveCfg = Release|Any CPU
		{9E727F5A-8968-4E78-A3B3-2BEB075906CB}.Release|Any CPU.Build.0 = Release|Any CPU
		{9E727F5A-8968-4E78-A3B3-2BEB075906CB}.Release|x64.ActiveCfg = Release|Any CPU
		{9E727F5A-8968-4E78-A3B3-2BEB075906CB}.Release|x64.Build.0 = Release|Any CPU
		{9E727F5A-8968-4E78-A3B3-2BEB075906CB}.Release|x86.ActiveCfg = Release|Any CPU
		{9E727F5A-8968-4E78-A3B3-2BEB075906CB}.Release|x86.Build.0 = Release|Any CPU
		{255424AE-ADC5-491F-9266-5C61590C5220}.Debug|Any CPU.ActiveCfg = Debug|Any CPU
		{255424AE-ADC5-491F-9266-5C61590C5220}.Debug|Any CPU.Build.0 = Debug|Any CPU
		{255424AE-ADC5-491F-9266-5C61590C5220}.Debug|x64.ActiveCfg = Debug|Any CPU
		{255424AE-ADC5-491F-9266-5C61590C5220}.Debug|x64.Build.0 = Debug|Any CPU
		{255424AE-ADC5-491F-9266-5C61590C5220}.Debug|x86.ActiveCfg = Debug|Any CPU
		{255424AE-ADC5-491F-9266-5C61590C5220}.Debug|x86.Build.0 = Debug|Any CPU
		{255424AE-ADC5-491F-9266-5C61590C5220}.Release|Any CPU.ActiveCfg = Release|Any CPU
		{255424AE-ADC5-491F-9266-5C61590C5220}.Release|Any CPU.Build.0 = Release|Any CPU
		{255424AE-ADC5-491F-9266-5C61590C5220}.Release|x64.ActiveCfg = Release|Any CPU
		{255424AE-ADC5-491F-9266-5C61590C5220}.Release|x64.Build.0 = Release|Any CPU
		{255424AE-ADC5-491F-9266-5C61590C5220}.Release|x86.ActiveCfg = Release|Any CPU
		{255424AE-ADC5-491F-9266-5C61590C5220}.Release|x86.Build.0 = Release|Any CPU
		{1A6414DB-EBAC-4B90-9D0F-3A84991A6F39}.Debug|Any CPU.ActiveCfg = Debug|Any CPU
		{1A6414DB-EBAC-4B90-9D0F-3A84991A6F39}.Debug|Any CPU.Build.0 = Debug|Any CPU
		{1A6414DB-EBAC-4B90-9D0F-3A84991A6F39}.Debug|x64.ActiveCfg = Debug|Any CPU
		{1A6414DB-EBAC-4B90-9D0F-3A84991A6F39}.Debug|x64.Build.0 = Debug|Any CPU
		{1A6414DB-EBAC-4B90-9D0F-3A84991A6F39}.Debug|x86.ActiveCfg = Debug|Any CPU
		{1A6414DB-EBAC-4B90-9D0F-3A84991A6F39}.Debug|x86.Build.0 = Debug|Any CPU
		{1A6414DB-EBAC-4B90-9D0F-3A84991A6F39}.Release|Any CPU.ActiveCfg = Release|Any CPU
		{1A6414DB-EBAC-4B90-9D0F-3A84991A6F39}.Release|Any CPU.Build.0 = Release|Any CPU
		{1A6414DB-EBAC-4B90-9D0F-3A84991A6F39}.Release|x64.ActiveCfg = Release|Any CPU
		{1A6414DB-EBAC-4B90-9D0F-3A84991A6F39}.Release|x64.Build.0 = Release|Any CPU
		{1A6414DB-EBAC-4B90-9D0F-3A84991A6F39}.Release|x86.ActiveCfg = Release|Any CPU
		{1A6414DB-EBAC-4B90-9D0F-3A84991A6F39}.Release|x86.Build.0 = Release|Any CPU
		{83C5D910-4EB7-450F-8031-ADCFCBD1AD5E}.Debug|Any CPU.ActiveCfg = Debug|Any CPU
		{83C5D910-4EB7-450F-8031-ADCFCBD1AD5E}.Debug|Any CPU.Build.0 = Debug|Any CPU
		{83C5D910-4EB7-450F-8031-ADCFCBD1AD5E}.Debug|x64.ActiveCfg = Debug|Any CPU
		{83C5D910-4EB7-450F-8031-ADCFCBD1AD5E}.Debug|x64.Build.0 = Debug|Any CPU
		{83C5D910-4EB7-450F-8031-ADCFCBD1AD5E}.Debug|x86.ActiveCfg = Debug|Any CPU
		{83C5D910-4EB7-450F-8031-ADCFCBD1AD5E}.Debug|x86.Build.0 = Debug|Any CPU
		{83C5D910-4EB7-450F-8031-ADCFCBD1AD5E}.Release|Any CPU.ActiveCfg = Release|Any CPU
		{83C5D910-4EB7-450F-8031-ADCFCBD1AD5E}.Release|Any CPU.Build.0 = Release|Any CPU
		{83C5D910-4EB7-450F-8031-ADCFCBD1AD5E}.Release|x64.ActiveCfg = Release|Any CPU
		{83C5D910-4EB7-450F-8031-ADCFCBD1AD5E}.Release|x64.Build.0 = Release|Any CPU
		{83C5D910-4EB7-450F-8031-ADCFCBD1AD5E}.Release|x86.ActiveCfg = Release|Any CPU
		{83C5D910-4EB7-450F-8031-ADCFCBD1AD5E}.Release|x86.Build.0 = Release|Any CPU
		{9C69B6E3-7F80-458E-A1FF-89D7871357C5}.Debug|Any CPU.ActiveCfg = Debug|Any CPU
		{9C69B6E3-7F80-458E-A1FF-89D7871357C5}.Debug|Any CPU.Build.0 = Debug|Any CPU
		{9C69B6E3-7F80-458E-A1FF-89D7871357C5}.Debug|x64.ActiveCfg = Debug|Any CPU
		{9C69B6E3-7F80-458E-A1FF-89D7871357C5}.Debug|x64.Build.0 = Debug|Any CPU
		{9C69B6E3-7F80-458E-A1FF-89D7871357C5}.Debug|x86.ActiveCfg = Debug|Any CPU
		{9C69B6E3-7F80-458E-A1FF-89D7871357C5}.Debug|x86.Build.0 = Debug|Any CPU
		{9C69B6E3-7F80-458E-A1FF-89D7871357C5}.Release|Any CPU.ActiveCfg = Release|Any CPU
		{9C69B6E3-7F80-458E-A1FF-89D7871357C5}.Release|Any CPU.Build.0 = Release|Any CPU
		{9C69B6E3-7F80-458E-A1FF-89D7871357C5}.Release|x64.ActiveCfg = Release|Any CPU
		{9C69B6E3-7F80-458E-A1FF-89D7871357C5}.Release|x64.Build.0 = Release|Any CPU
		{9C69B6E3-7F80-458E-A1FF-89D7871357C5}.Release|x86.ActiveCfg = Release|Any CPU
		{9C69B6E3-7F80-458E-A1FF-89D7871357C5}.Release|x86.Build.0 = Release|Any CPU
		{F659D5E4-DE72-41B9-8673-B1ABE9A990D6}.Debug|Any CPU.ActiveCfg = Debug|Any CPU
		{F659D5E4-DE72-41B9-8673-B1ABE9A990D6}.Debug|Any CPU.Build.0 = Debug|Any CPU
		{F659D5E4-DE72-41B9-8673-B1ABE9A990D6}.Debug|x64.ActiveCfg = Debug|Any CPU
		{F659D5E4-DE72-41B9-8673-B1ABE9A990D6}.Debug|x64.Build.0 = Debug|Any CPU
		{F659D5E4-DE72-41B9-8673-B1ABE9A990D6}.Debug|x86.ActiveCfg = Debug|Any CPU
		{F659D5E4-DE72-41B9-8673-B1ABE9A990D6}.Debug|x86.Build.0 = Debug|Any CPU
		{F659D5E4-DE72-41B9-8673-B1ABE9A990D6}.Release|Any CPU.ActiveCfg = Release|Any CPU
		{F659D5E4-DE72-41B9-8673-B1ABE9A990D6}.Release|Any CPU.Build.0 = Release|Any CPU
		{F659D5E4-DE72-41B9-8673-B1ABE9A990D6}.Release|x64.ActiveCfg = Release|Any CPU
		{F659D5E4-DE72-41B9-8673-B1ABE9A990D6}.Release|x64.Build.0 = Release|Any CPU
		{F659D5E4-DE72-41B9-8673-B1ABE9A990D6}.Release|x86.ActiveCfg = Release|Any CPU
		{F659D5E4-DE72-41B9-8673-B1ABE9A990D6}.Release|x86.Build.0 = Release|Any CPU
		{2307C8C5-7087-447F-962C-5C84CF20F032}.Debug|Any CPU.ActiveCfg = Debug|Any CPU
		{2307C8C5-7087-447F-962C-5C84CF20F032}.Debug|Any CPU.Build.0 = Debug|Any CPU
		{2307C8C5-7087-447F-962C-5C84CF20F032}.Debug|x64.ActiveCfg = Debug|Any CPU
		{2307C8C5-7087-447F-962C-5C84CF20F032}.Debug|x64.Build.0 = Debug|Any CPU
		{2307C8C5-7087-447F-962C-5C84CF20F032}.Debug|x86.ActiveCfg = Debug|Any CPU
		{2307C8C5-7087-447F-962C-5C84CF20F032}.Debug|x86.Build.0 = Debug|Any CPU
		{2307C8C5-7087-447F-962C-5C84CF20F032}.Release|Any CPU.ActiveCfg = Release|Any CPU
		{2307C8C5-7087-447F-962C-5C84CF20F032}.Release|Any CPU.Build.0 = Release|Any CPU
		{2307C8C5-7087-447F-962C-5C84CF20F032}.Release|x64.ActiveCfg = Release|Any CPU
		{2307C8C5-7087-447F-962C-5C84CF20F032}.Release|x64.Build.0 = Release|Any CPU
		{2307C8C5-7087-447F-962C-5C84CF20F032}.Release|x86.ActiveCfg = Release|Any CPU
		{2307C8C5-7087-447F-962C-5C84CF20F032}.Release|x86.Build.0 = Release|Any CPU
		{20DFEE26-303A-4A6E-B4E1-DC0D8731EF70}.Debug|Any CPU.ActiveCfg = Debug|Any CPU
		{20DFEE26-303A-4A6E-B4E1-DC0D8731EF70}.Debug|Any CPU.Build.0 = Debug|Any CPU
		{20DFEE26-303A-4A6E-B4E1-DC0D8731EF70}.Debug|x64.ActiveCfg = Debug|Any CPU
		{20DFEE26-303A-4A6E-B4E1-DC0D8731EF70}.Debug|x64.Build.0 = Debug|Any CPU
		{20DFEE26-303A-4A6E-B4E1-DC0D8731EF70}.Debug|x86.ActiveCfg = Debug|Any CPU
		{20DFEE26-303A-4A6E-B4E1-DC0D8731EF70}.Debug|x86.Build.0 = Debug|Any CPU
		{20DFEE26-303A-4A6E-B4E1-DC0D8731EF70}.Release|Any CPU.ActiveCfg = Release|Any CPU
		{20DFEE26-303A-4A6E-B4E1-DC0D8731EF70}.Release|Any CPU.Build.0 = Release|Any CPU
		{20DFEE26-303A-4A6E-B4E1-DC0D8731EF70}.Release|x64.ActiveCfg = Release|Any CPU
		{20DFEE26-303A-4A6E-B4E1-DC0D8731EF70}.Release|x64.Build.0 = Release|Any CPU
		{20DFEE26-303A-4A6E-B4E1-DC0D8731EF70}.Release|x86.ActiveCfg = Release|Any CPU
		{20DFEE26-303A-4A6E-B4E1-DC0D8731EF70}.Release|x86.Build.0 = Release|Any CPU
		{5781890B-E90B-4D9D-9DDF-33E5B35F9E37}.Debug|Any CPU.ActiveCfg = Debug|Any CPU
		{5781890B-E90B-4D9D-9DDF-33E5B35F9E37}.Debug|Any CPU.Build.0 = Debug|Any CPU
		{5781890B-E90B-4D9D-9DDF-33E5B35F9E37}.Debug|x64.ActiveCfg = Debug|Any CPU
		{5781890B-E90B-4D9D-9DDF-33E5B35F9E37}.Debug|x64.Build.0 = Debug|Any CPU
		{5781890B-E90B-4D9D-9DDF-33E5B35F9E37}.Debug|x86.ActiveCfg = Debug|Any CPU
		{5781890B-E90B-4D9D-9DDF-33E5B35F9E37}.Debug|x86.Build.0 = Debug|Any CPU
		{5781890B-E90B-4D9D-9DDF-33E5B35F9E37}.Release|Any CPU.ActiveCfg = Release|Any CPU
		{5781890B-E90B-4D9D-9DDF-33E5B35F9E37}.Release|Any CPU.Build.0 = Release|Any CPU
		{5781890B-E90B-4D9D-9DDF-33E5B35F9E37}.Release|x64.ActiveCfg = Release|Any CPU
		{5781890B-E90B-4D9D-9DDF-33E5B35F9E37}.Release|x64.Build.0 = Release|Any CPU
		{5781890B-E90B-4D9D-9DDF-33E5B35F9E37}.Release|x86.ActiveCfg = Release|Any CPU
		{5781890B-E90B-4D9D-9DDF-33E5B35F9E37}.Release|x86.Build.0 = Release|Any CPU
		{E9E61274-2DAC-43A1-96EF-43AC36313137}.Debug|Any CPU.ActiveCfg = Debug|Any CPU
		{E9E61274-2DAC-43A1-96EF-43AC36313137}.Debug|Any CPU.Build.0 = Debug|Any CPU
		{E9E61274-2DAC-43A1-96EF-43AC36313137}.Debug|x64.ActiveCfg = Debug|Any CPU
		{E9E61274-2DAC-43A1-96EF-43AC36313137}.Debug|x64.Build.0 = Debug|Any CPU
		{E9E61274-2DAC-43A1-96EF-43AC36313137}.Debug|x86.ActiveCfg = Debug|Any CPU
		{E9E61274-2DAC-43A1-96EF-43AC36313137}.Debug|x86.Build.0 = Debug|Any CPU
		{E9E61274-2DAC-43A1-96EF-43AC36313137}.Release|Any CPU.ActiveCfg = Release|Any CPU
		{E9E61274-2DAC-43A1-96EF-43AC36313137}.Release|Any CPU.Build.0 = Release|Any CPU
		{E9E61274-2DAC-43A1-96EF-43AC36313137}.Release|x64.ActiveCfg = Release|Any CPU
		{E9E61274-2DAC-43A1-96EF-43AC36313137}.Release|x64.Build.0 = Release|Any CPU
		{E9E61274-2DAC-43A1-96EF-43AC36313137}.Release|x86.ActiveCfg = Release|Any CPU
		{E9E61274-2DAC-43A1-96EF-43AC36313137}.Release|x86.Build.0 = Release|Any CPU
		{20887BAB-D944-4971-B971-CFC7BB32519A}.Debug|Any CPU.ActiveCfg = Debug|Any CPU
		{20887BAB-D944-4971-B971-CFC7BB32519A}.Debug|Any CPU.Build.0 = Debug|Any CPU
		{20887BAB-D944-4971-B971-CFC7BB32519A}.Debug|x64.ActiveCfg = Debug|Any CPU
		{20887BAB-D944-4971-B971-CFC7BB32519A}.Debug|x64.Build.0 = Debug|Any CPU
		{20887BAB-D944-4971-B971-CFC7BB32519A}.Debug|x86.ActiveCfg = Debug|Any CPU
		{20887BAB-D944-4971-B971-CFC7BB32519A}.Debug|x86.Build.0 = Debug|Any CPU
		{20887BAB-D944-4971-B971-CFC7BB32519A}.Release|Any CPU.ActiveCfg = Release|Any CPU
		{20887BAB-D944-4971-B971-CFC7BB32519A}.Release|Any CPU.Build.0 = Release|Any CPU
		{20887BAB-D944-4971-B971-CFC7BB32519A}.Release|x64.ActiveCfg = Release|Any CPU
		{20887BAB-D944-4971-B971-CFC7BB32519A}.Release|x64.Build.0 = Release|Any CPU
		{20887BAB-D944-4971-B971-CFC7BB32519A}.Release|x86.ActiveCfg = Release|Any CPU
		{20887BAB-D944-4971-B971-CFC7BB32519A}.Release|x86.Build.0 = Release|Any CPU
		{8E17B178-850D-4A71-853F-BD17D7729646}.Debug|Any CPU.ActiveCfg = Debug|Any CPU
		{8E17B178-850D-4A71-853F-BD17D7729646}.Debug|Any CPU.Build.0 = Debug|Any CPU
		{8E17B178-850D-4A71-853F-BD17D7729646}.Debug|x64.ActiveCfg = Debug|Any CPU
		{8E17B178-850D-4A71-853F-BD17D7729646}.Debug|x64.Build.0 = Debug|Any CPU
		{8E17B178-850D-4A71-853F-BD17D7729646}.Debug|x86.ActiveCfg = Debug|Any CPU
		{8E17B178-850D-4A71-853F-BD17D7729646}.Debug|x86.Build.0 = Debug|Any CPU
		{8E17B178-850D-4A71-853F-BD17D7729646}.Release|Any CPU.ActiveCfg = Release|Any CPU
		{8E17B178-850D-4A71-853F-BD17D7729646}.Release|Any CPU.Build.0 = Release|Any CPU
		{8E17B178-850D-4A71-853F-BD17D7729646}.Release|x64.ActiveCfg = Release|Any CPU
		{8E17B178-850D-4A71-853F-BD17D7729646}.Release|x64.Build.0 = Release|Any CPU
		{8E17B178-850D-4A71-853F-BD17D7729646}.Release|x86.ActiveCfg = Release|Any CPU
		{8E17B178-850D-4A71-853F-BD17D7729646}.Release|x86.Build.0 = Release|Any CPU
	EndGlobalSection
	GlobalSection(SolutionProperties) = preSolution
		HideSolutionNode = FALSE
	EndGlobalSection
	GlobalSection(ExtensibilityGlobals) = postSolution
		SolutionGuid = {09E0B428-5512-48E0-AA80-F16088CBDF55}
	EndGlobalSection
EndGlobal
