
Microsoft Visual Studio Solution File, Format Version 12.00
# Visual Studio Version 17
VisualStudioVersion = 17.4.33110.190
MinimumVisualStudioVersion = 10.0.40219.1
Project("{9A19103F-16F7-4668-BE54-9A1E7A4F7556}") = "WebApi", "WebApi\WebApi.csproj", "{61BFECD7-3631-427B-983B-B59AE2752BF1}"
EndProject
Project("{9A19103F-16F7-4668-BE54-9A1E7A4F7556}") = "WebApplicationPdfGeneration", "WebApplicationPdfGeneration\WebApplicationPdfGeneration.csproj", "{4C75ED64-ABE4-40E0-A860-567F073D7FC3}"
EndProject
Project("{9A19103F-16F7-4668-BE54-9A1E7A4F7556}") = "WebApplicationEmbebedResource", "WebApplicationEmbebedResource\WebApplicationEmbebedResource.csproj", "{AA328432-ACDF-41A8-B8EA-CF062CD69D4F}"
EndProject
Project("{9A19103F-16F7-4668-BE54-9A1E7A4F7556}") = "ConsoleAppPdfGenerationQuestPdf", "ConsoleAppPdfGenerationQuestPdf\ConsoleAppPdfGenerationQuestPdf.csproj", "{246C498B-13A7-4329-A6CB-FBEB472BDFD9}"
EndProject
Project("{9A19103F-16F7-4668-BE54-9A1E7A4F7556}") = "WebApplicationWindowsAuth", "WebApplicationWindowsAuth\WebApplicationWindowsAuth.csproj", "{0EF957AB-DF70-4CFD-B31A-5AEA4ED5698E}"
EndProject
Project("{9A19103F-16F7-4668-BE54-9A1E7A4F7556}") = "BillQuestPdf", "BillQuestPdf\BillQuestPdf.csproj", "{09CB25C5-41BA-4B06-B908-09544DE7E2FA}"
EndProject
Project("{FAE04EC0-301F-11D3-BF4B-00C04F79EFBC}") = "ConsoleAppSampleOdbc", "ConsoleAppSampleOdbc\ConsoleAppSampleOdbc.csproj", "{B2992AD8-81CE-4E92-8194-0333C1AF00FD}"
EndProject
Project("{9A19103F-16F7-4668-BE54-9A1E7A4F7556}") = "WebApplicationMetronic53", "WebApplicationMetronic53\WebApplicationMetronic53.csproj", "{55808100-89FC-43C2-A3DD-E29785AF383C}"
EndProject
Project("{9A19103F-16F7-4668-BE54-9A1E7A4F7556}") = "CajaHuancayoQuestPdfReport", "CajaHuancayoQuestPdfReport\CajaHuancayoQuestPdfReport.csproj", "{E47D155C-F726-45BD-8495-22D911E97D35}"
EndProject
Project("{9A19103F-16F7-4668-BE54-9A1E7A4F7556}") = "XmlManagmentConsoleApp", "XmlManagmentConsoleApp\XmlManagmentConsoleApp.csproj", "{EEE9E5E9-5007-4B2A-ACF5-8A695A0774F4}"
EndProject
Project("{9A19103F-16F7-4668-BE54-9A1E7A4F7556}") = "PruebaManejoCalendario", "PruebaManejoCalendario\PruebaManejoCalendario.csproj", "{41F6F064-3289-4126-9779-A3F025BD5DD6}"
EndProject
Project("{FAE04EC0-301F-11D3-BF4B-00C04F79EFBC}") = "WebApplicationIdentity", "WebApplicationIdentity\WebApplicationIdentity.csproj", "{4F2A3854-FEA0-48E8-BE30-F19695538B35}"
EndProject
Project("{FAE04EC0-301F-11D3-BF4B-00C04F79EFBC}") = "WindowsAzureStorage", "WindowsAzureStorage\WindowsAzureStorage.csproj", "{8CFB40B1-44B7-4391-B630-A1B3FE9DE0E1}"
EndProject
Project("{FAE04EC0-301F-11D3-BF4B-00C04F79EFBC}") = "AzureStorage", "AzureStorage\AzureStorage.csproj", "{E933FED8-1E4A-46B9-9EC1-D857D57A6A4C}"
EndProject
Project("{FAE04EC0-301F-11D3-BF4B-00C04F79EFBC}") = "ConsoleAppExcel", "ConsoleAppExcel\ConsoleAppExcel.csproj", "{D85CCFF0-A5C9-45F2-B695-358F6729497D}"
EndProject
Project("{FAE04EC0-301F-11D3-BF4B-00C04F79EFBC}") = "ConsoleAppDynamicPropAccess", "ConsoleAppDynamicPropAccess\ConsoleAppDynamicPropAccess.csproj", "{3966F317-F36F-4655-B72C-27098C6E7FD2}"
EndProject
Project("{FAE04EC0-301F-11D3-BF4B-00C04F79EFBC}") = "QuestPdfTableSample", "QuestPdfTableSample\QuestPdfTableSample.csproj", "{75186097-CBF9-44A9-BE5C-C6157D39D118}"
EndProject
Global
	GlobalSection(SolutionConfigurationPlatforms) = preSolution
		Debug|Any CPU = Debug|Any CPU
		Release|Any CPU = Release|Any CPU
	EndGlobalSection
	GlobalSection(ProjectConfigurationPlatforms) = postSolution
		{61BFECD7-3631-427B-983B-B59AE2752BF1}.Debug|Any CPU.ActiveCfg = Debug|Any CPU
		{61BFECD7-3631-427B-983B-B59AE2752BF1}.Debug|Any CPU.Build.0 = Debug|Any CPU
		{61BFECD7-3631-427B-983B-B59AE2752BF1}.Release|Any CPU.ActiveCfg = Release|Any CPU
		{61BFECD7-3631-427B-983B-B59AE2752BF1}.Release|Any CPU.Build.0 = Release|Any CPU
		{4C75ED64-ABE4-40E0-A860-567F073D7FC3}.Debug|Any CPU.ActiveCfg = Debug|Any CPU
		{4C75ED64-ABE4-40E0-A860-567F073D7FC3}.Debug|Any CPU.Build.0 = Debug|Any CPU
		{4C75ED64-ABE4-40E0-A860-567F073D7FC3}.Release|Any CPU.ActiveCfg = Release|Any CPU
		{4C75ED64-ABE4-40E0-A860-567F073D7FC3}.Release|Any CPU.Build.0 = Release|Any CPU
		{AA328432-ACDF-41A8-B8EA-CF062CD69D4F}.Debug|Any CPU.ActiveCfg = Debug|Any CPU
		{AA328432-ACDF-41A8-B8EA-CF062CD69D4F}.Debug|Any CPU.Build.0 = Debug|Any CPU
		{AA328432-ACDF-41A8-B8EA-CF062CD69D4F}.Release|Any CPU.ActiveCfg = Release|Any CPU
		{AA328432-ACDF-41A8-B8EA-CF062CD69D4F}.Release|Any CPU.Build.0 = Release|Any CPU
		{246C498B-13A7-4329-A6CB-FBEB472BDFD9}.Debug|Any CPU.ActiveCfg = Debug|Any CPU
		{246C498B-13A7-4329-A6CB-FBEB472BDFD9}.Debug|Any CPU.Build.0 = Debug|Any CPU
		{246C498B-13A7-4329-A6CB-FBEB472BDFD9}.Release|Any CPU.ActiveCfg = Release|Any CPU
		{246C498B-13A7-4329-A6CB-FBEB472BDFD9}.Release|Any CPU.Build.0 = Release|Any CPU
		{0EF957AB-DF70-4CFD-B31A-5AEA4ED5698E}.Debug|Any CPU.ActiveCfg = Debug|Any CPU
		{0EF957AB-DF70-4CFD-B31A-5AEA4ED5698E}.Debug|Any CPU.Build.0 = Debug|Any CPU
		{0EF957AB-DF70-4CFD-B31A-5AEA4ED5698E}.Release|Any CPU.ActiveCfg = Release|Any CPU
		{0EF957AB-DF70-4CFD-B31A-5AEA4ED5698E}.Release|Any CPU.Build.0 = Release|Any CPU
		{09CB25C5-41BA-4B06-B908-09544DE7E2FA}.Debug|Any CPU.ActiveCfg = Debug|Any CPU
		{09CB25C5-41BA-4B06-B908-09544DE7E2FA}.Debug|Any CPU.Build.0 = Debug|Any CPU
		{09CB25C5-41BA-4B06-B908-09544DE7E2FA}.Release|Any CPU.ActiveCfg = Release|Any CPU
		{09CB25C5-41BA-4B06-B908-09544DE7E2FA}.Release|Any CPU.Build.0 = Release|Any CPU
		{B2992AD8-81CE-4E92-8194-0333C1AF00FD}.Debug|Any CPU.ActiveCfg = Debug|Any CPU
		{B2992AD8-81CE-4E92-8194-0333C1AF00FD}.Debug|Any CPU.Build.0 = Debug|Any CPU
		{B2992AD8-81CE-4E92-8194-0333C1AF00FD}.Release|Any CPU.ActiveCfg = Release|Any CPU
		{B2992AD8-81CE-4E92-8194-0333C1AF00FD}.Release|Any CPU.Build.0 = Release|Any CPU
		{55808100-89FC-43C2-A3DD-E29785AF383C}.Debug|Any CPU.ActiveCfg = Debug|Any CPU
		{55808100-89FC-43C2-A3DD-E29785AF383C}.Debug|Any CPU.Build.0 = Debug|Any CPU
		{55808100-89FC-43C2-A3DD-E29785AF383C}.Release|Any CPU.ActiveCfg = Release|Any CPU
		{55808100-89FC-43C2-A3DD-E29785AF383C}.Release|Any CPU.Build.0 = Release|Any CPU
		{E47D155C-F726-45BD-8495-22D911E97D35}.Debug|Any CPU.ActiveCfg = Debug|Any CPU
		{E47D155C-F726-45BD-8495-22D911E97D35}.Debug|Any CPU.Build.0 = Debug|Any CPU
		{E47D155C-F726-45BD-8495-22D911E97D35}.Release|Any CPU.ActiveCfg = Release|Any CPU
		{E47D155C-F726-45BD-8495-22D911E97D35}.Release|Any CPU.Build.0 = Release|Any CPU
		{EEE9E5E9-5007-4B2A-ACF5-8A695A0774F4}.Debug|Any CPU.ActiveCfg = Debug|Any CPU
		{EEE9E5E9-5007-4B2A-ACF5-8A695A0774F4}.Debug|Any CPU.Build.0 = Debug|Any CPU
		{EEE9E5E9-5007-4B2A-ACF5-8A695A0774F4}.Release|Any CPU.ActiveCfg = Release|Any CPU
		{EEE9E5E9-5007-4B2A-ACF5-8A695A0774F4}.Release|Any CPU.Build.0 = Release|Any CPU
		{41F6F064-3289-4126-9779-A3F025BD5DD6}.Debug|Any CPU.ActiveCfg = Debug|Any CPU
		{41F6F064-3289-4126-9779-A3F025BD5DD6}.Debug|Any CPU.Build.0 = Debug|Any CPU
		{41F6F064-3289-4126-9779-A3F025BD5DD6}.Release|Any CPU.ActiveCfg = Release|Any CPU
		{41F6F064-3289-4126-9779-A3F025BD5DD6}.Release|Any CPU.Build.0 = Release|Any CPU
		{4F2A3854-FEA0-48E8-BE30-F19695538B35}.Debug|Any CPU.ActiveCfg = Debug|Any CPU
		{4F2A3854-FEA0-48E8-BE30-F19695538B35}.Debug|Any CPU.Build.0 = Debug|Any CPU
		{4F2A3854-FEA0-48E8-BE30-F19695538B35}.Release|Any CPU.ActiveCfg = Release|Any CPU
		{4F2A3854-FEA0-48E8-BE30-F19695538B35}.Release|Any CPU.Build.0 = Release|Any CPU
		{8CFB40B1-44B7-4391-B630-A1B3FE9DE0E1}.Debug|Any CPU.ActiveCfg = Debug|Any CPU
		{8CFB40B1-44B7-4391-B630-A1B3FE9DE0E1}.Debug|Any CPU.Build.0 = Debug|Any CPU
		{8CFB40B1-44B7-4391-B630-A1B3FE9DE0E1}.Release|Any CPU.ActiveCfg = Release|Any CPU
		{8CFB40B1-44B7-4391-B630-A1B3FE9DE0E1}.Release|Any CPU.Build.0 = Release|Any CPU
		{E933FED8-1E4A-46B9-9EC1-D857D57A6A4C}.Debug|Any CPU.ActiveCfg = Debug|Any CPU
		{E933FED8-1E4A-46B9-9EC1-D857D57A6A4C}.Debug|Any CPU.Build.0 = Debug|Any CPU
		{E933FED8-1E4A-46B9-9EC1-D857D57A6A4C}.Release|Any CPU.ActiveCfg = Release|Any CPU
		{E933FED8-1E4A-46B9-9EC1-D857D57A6A4C}.Release|Any CPU.Build.0 = Release|Any CPU
		{D85CCFF0-A5C9-45F2-B695-358F6729497D}.Debug|Any CPU.ActiveCfg = Debug|Any CPU
		{D85CCFF0-A5C9-45F2-B695-358F6729497D}.Debug|Any CPU.Build.0 = Debug|Any CPU
		{D85CCFF0-A5C9-45F2-B695-358F6729497D}.Release|Any CPU.ActiveCfg = Release|Any CPU
		{D85CCFF0-A5C9-45F2-B695-358F6729497D}.Release|Any CPU.Build.0 = Release|Any CPU
		{3966F317-F36F-4655-B72C-27098C6E7FD2}.Debug|Any CPU.ActiveCfg = Debug|Any CPU
		{3966F317-F36F-4655-B72C-27098C6E7FD2}.Debug|Any CPU.Build.0 = Debug|Any CPU
		{3966F317-F36F-4655-B72C-27098C6E7FD2}.Release|Any CPU.ActiveCfg = Release|Any CPU
		{3966F317-F36F-4655-B72C-27098C6E7FD2}.Release|Any CPU.Build.0 = Release|Any CPU
		{75186097-CBF9-44A9-BE5C-C6157D39D118}.Debug|Any CPU.ActiveCfg = Debug|Any CPU
		{75186097-CBF9-44A9-BE5C-C6157D39D118}.Debug|Any CPU.Build.0 = Debug|Any CPU
		{75186097-CBF9-44A9-BE5C-C6157D39D118}.Release|Any CPU.ActiveCfg = Release|Any CPU
		{75186097-CBF9-44A9-BE5C-C6157D39D118}.Release|Any CPU.Build.0 = Release|Any CPU
	EndGlobalSection
	GlobalSection(SolutionProperties) = preSolution
		HideSolutionNode = FALSE
	EndGlobalSection
	GlobalSection(ExtensibilityGlobals) = postSolution
		SolutionGuid = {09E0B428-5512-48E0-AA80-F16088CBDF55}
	EndGlobalSection
EndGlobal
