
Microsoft Visual Studio Solution File, Format Version 12.00
# Visual Studio Version 17
VisualStudioVersion = 17.0.31903.59
MinimumVisualStudioVersion = 10.0.40219.1
Project("{FAE04EC0-301F-11D3-BF4B-00C04F79EFBC}") = "Lib", "Lib\Lib.csproj", "{A2D9D89D-C3EB-4159-B007-85497B210C30}"
EndProject
Project("{FAE04EC0-301F-11D3-BF4B-00C04F79EFBC}") = "Receiver", "Receiver\Receiver.csproj", "{EA9D5732-0827-4EE8-84DC-7F358DA1B851}"
EndProject
Project("{FAE04EC0-301F-11D3-BF4B-00C04F79EFBC}") = "Sender", "Sender\Sender.csproj", "{674CEC47-5F91-4F31-B1AC-75220898D344}"
EndProject
Global
	GlobalSection(SolutionConfigurationPlatforms) = preSolution
		Debug|Any CPU = Debug|Any CPU
		Debug|x64 = Debug|x64
		Debug|x86 = Debug|x86
		Release|Any CPU = Release|Any CPU
		Release|x64 = Release|x64
		Release|x86 = Release|x86
	EndGlobalSection
	GlobalSection(ProjectConfigurationPlatforms) = postSolution
		{A2D9D89D-C3EB-4159-B007-85497B210C30}.Debug|Any CPU.ActiveCfg = Debug|Any CPU
		{A2D9D89D-C3EB-4159-B007-85497B210C30}.Debug|Any CPU.Build.0 = Debug|Any CPU
		{A2D9D89D-C3EB-4159-B007-85497B210C30}.Debug|x64.ActiveCfg = Debug|Any CPU
		{A2D9D89D-C3EB-4159-B007-85497B210C30}.Debug|x64.Build.0 = Debug|Any CPU
		{A2D9D89D-C3EB-4159-B007-85497B210C30}.Debug|x86.ActiveCfg = Debug|Any CPU
		{A2D9D89D-C3EB-4159-B007-85497B210C30}.Debug|x86.Build.0 = Debug|Any CPU
		{A2D9D89D-C3EB-4159-B007-85497B210C30}.Release|Any CPU.ActiveCfg = Release|Any CPU
		{A2D9D89D-C3EB-4159-B007-85497B210C30}.Release|Any CPU.Build.0 = Release|Any CPU
		{A2D9D89D-C3EB-4159-B007-85497B210C30}.Release|x64.ActiveCfg = Release|Any CPU
		{A2D9D89D-C3EB-4159-B007-85497B210C30}.Release|x64.Build.0 = Release|Any CPU
		{A2D9D89D-C3EB-4159-B007-85497B210C30}.Release|x86.ActiveCfg = Release|Any CPU
		{A2D9D89D-C3EB-4159-B007-85497B210C30}.Release|x86.Build.0 = Release|Any CPU
		{EA9D5732-0827-4EE8-84DC-7F358DA1B851}.Debug|Any CPU.ActiveCfg = Debug|Any CPU
		{EA9D5732-0827-4EE8-84DC-7F358DA1B851}.Debug|Any CPU.Build.0 = Debug|Any CPU
		{EA9D5732-0827-4EE8-84DC-7F358DA1B851}.Debug|x64.ActiveCfg = Debug|Any CPU
		{EA9D5732-0827-4EE8-84DC-7F358DA1B851}.Debug|x64.Build.0 = Debug|Any CPU
		{EA9D5732-0827-4EE8-84DC-7F358DA1B851}.Debug|x86.ActiveCfg = Debug|Any CPU
		{EA9D5732-0827-4EE8-84DC-7F358DA1B851}.Debug|x86.Build.0 = Debug|Any CPU
		{EA9D5732-0827-4EE8-84DC-7F358DA1B851}.Release|Any CPU.ActiveCfg = Release|Any CPU
		{EA9D5732-0827-4EE8-84DC-7F358DA1B851}.Release|Any CPU.Build.0 = Release|Any CPU
		{EA9D5732-0827-4EE8-84DC-7F358DA1B851}.Release|x64.ActiveCfg = Release|Any CPU
		{EA9D5732-0827-4EE8-84DC-7F358DA1B851}.Release|x64.Build.0 = Release|Any CPU
		{EA9D5732-0827-4EE8-84DC-7F358DA1B851}.Release|x86.ActiveCfg = Release|Any CPU
		{EA9D5732-0827-4EE8-84DC-7F358DA1B851}.Release|x86.Build.0 = Release|Any CPU
		{674CEC47-5F91-4F31-B1AC-75220898D344}.Debug|Any CPU.ActiveCfg = Debug|Any CPU
		{674CEC47-5F91-4F31-B1AC-75220898D344}.Debug|Any CPU.Build.0 = Debug|Any CPU
		{674CEC47-5F91-4F31-B1AC-75220898D344}.Debug|x64.ActiveCfg = Debug|Any CPU
		{674CEC47-5F91-4F31-B1AC-75220898D344}.Debug|x64.Build.0 = Debug|Any CPU
		{674CEC47-5F91-4F31-B1AC-75220898D344}.Debug|x86.ActiveCfg = Debug|Any CPU
		{674CEC47-5F91-4F31-B1AC-75220898D344}.Debug|x86.Build.0 = Debug|Any CPU
		{674CEC47-5F91-4F31-B1AC-75220898D344}.Release|Any CPU.ActiveCfg = Release|Any CPU
		{674CEC47-5F91-4F31-B1AC-75220898D344}.Release|Any CPU.Build.0 = Release|Any CPU
		{674CEC47-5F91-4F31-B1AC-75220898D344}.Release|x64.ActiveCfg = Release|Any CPU
		{674CEC47-5F91-4F31-B1AC-75220898D344}.Release|x64.Build.0 = Release|Any CPU
		{674CEC47-5F91-4F31-B1AC-75220898D344}.Release|x86.ActiveCfg = Release|Any CPU
		{674CEC47-5F91-4F31-B1AC-75220898D344}.Release|x86.Build.0 = Release|Any CPU
	EndGlobalSection
	GlobalSection(SolutionProperties) = preSolution
		HideSolutionNode = FALSE
	EndGlobalSection
EndGlobal
