
Microsoft Visual Studio Solution File, Format Version 12.00
# Visual Studio Version 17
VisualStudioVersion = 17.0.31903.59
MinimumVisualStudioVersion = 10.0.40219.1
Project("{FAE04EC0-301F-11D3-BF4B-00C04F79EFBC}") = "Metronic.Theme", "Metronic.Theme\Metronic.Theme.csproj", "{E1ABED39-DB1C-4742-8946-7F5EAD8E9FEA}"
EndProject
Project("{FAE04EC0-301F-11D3-BF4B-00C04F79EFBC}") = "WebApp", "WebApp\WebApp.csproj", "{03AFA7E2-DFEC-49F0-AA8F-909B8020A420}"
EndProject
Global
	GlobalSection(SolutionConfigurationPlatforms) = preSolution
		Debug|Any CPU = Debug|Any CPU
		Debug|x64 = Debug|x64
		Debug|x86 = Debug|x86
		Release|Any CPU = Release|Any CPU
		Release|x64 = Release|x64
		Release|x86 = Release|x86
	EndGlobalSection
	GlobalSection(ProjectConfigurationPlatforms) = postSolution
		{E1ABED39-DB1C-4742-8946-7F5EAD8E9FEA}.Debug|Any CPU.ActiveCfg = Debug|Any CPU
		{E1ABED39-DB1C-4742-8946-7F5EAD8E9FEA}.Debug|Any CPU.Build.0 = Debug|Any CPU
		{E1ABED39-DB1C-4742-8946-7F5EAD8E9FEA}.Debug|x64.ActiveCfg = Debug|Any CPU
		{E1ABED39-DB1C-4742-8946-7F5EAD8E9FEA}.Debug|x64.Build.0 = Debug|Any CPU
		{E1ABED39-DB1C-4742-8946-7F5EAD8E9FEA}.Debug|x86.ActiveCfg = Debug|Any CPU
		{E1ABED39-DB1C-4742-8946-7F5EAD8E9FEA}.Debug|x86.Build.0 = Debug|Any CPU
		{E1ABED39-DB1C-4742-8946-7F5EAD8E9FEA}.Release|Any CPU.ActiveCfg = Release|Any CPU
		{E1ABED39-DB1C-4742-8946-7F5EAD8E9FEA}.Release|Any CPU.Build.0 = Release|Any CPU
		{E1ABED39-DB1C-4742-8946-7F5EAD8E9FEA}.Release|x64.ActiveCfg = Release|Any CPU
		{E1ABED39-DB1C-4742-8946-7F5EAD8E9FEA}.Release|x64.Build.0 = Release|Any CPU
		{E1ABED39-DB1C-4742-8946-7F5EAD8E9FEA}.Release|x86.ActiveCfg = Release|Any CPU
		{E1ABED39-DB1C-4742-8946-7F5EAD8E9FEA}.Release|x86.Build.0 = Release|Any CPU
		{03AFA7E2-DFEC-49F0-AA8F-909B8020A420}.Debug|Any CPU.ActiveCfg = Debug|Any CPU
		{03AFA7E2-DFEC-49F0-AA8F-909B8020A420}.Debug|Any CPU.Build.0 = Debug|Any CPU
		{03AFA7E2-DFEC-49F0-AA8F-909B8020A420}.Debug|x64.ActiveCfg = Debug|Any CPU
		{03AFA7E2-DFEC-49F0-AA8F-909B8020A420}.Debug|x64.Build.0 = Debug|Any CPU
		{03AFA7E2-DFEC-49F0-AA8F-909B8020A420}.Debug|x86.ActiveCfg = Debug|Any CPU
		{03AFA7E2-DFEC-49F0-AA8F-909B8020A420}.Debug|x86.Build.0 = Debug|Any CPU
		{03AFA7E2-DFEC-49F0-AA8F-909B8020A420}.Release|Any CPU.ActiveCfg = Release|Any CPU
		{03AFA7E2-DFEC-49F0-AA8F-909B8020A420}.Release|Any CPU.Build.0 = Release|Any CPU
		{03AFA7E2-DFEC-49F0-AA8F-909B8020A420}.Release|x64.ActiveCfg = Release|Any CPU
		{03AFA7E2-DFEC-49F0-AA8F-909B8020A420}.Release|x64.Build.0 = Release|Any CPU
		{03AFA7E2-DFEC-49F0-AA8F-909B8020A420}.Release|x86.ActiveCfg = Release|Any CPU
		{03AFA7E2-DFEC-49F0-AA8F-909B8020A420}.Release|x86.Build.0 = Release|Any CPU
	EndGlobalSection
	GlobalSection(SolutionProperties) = preSolution
		HideSolutionNode = FALSE
	EndGlobalSection
EndGlobal
